
Microsoft Visual Studio Solution File, Format Version 12.00
# Visual Studio 15
VisualStudioVersion = 15.0.28010.2026
MinimumVisualStudioVersion = 10.0.40219.1
Project("{FAE04EC0-301F-11D3-BF4B-00C04F79EFBC}") = "secao02aula30_metodoFibonacci", "secao02aula30_metodoFibonacci\secao02aula30_metodoFibonacci.csproj", "{06ABAF45-44E8-4ECB-840A-8ADFA985387C}"
EndProject
Global
	GlobalSection(SolutionConfigurationPlatforms) = preSolution
		Debug|Any CPU = Debug|Any CPU
		Release|Any CPU = Release|Any CPU
	EndGlobalSection
	GlobalSection(ProjectConfigurationPlatforms) = postSolution
		{06ABAF45-44E8-4ECB-840A-8ADFA985387C}.Debug|Any CPU.ActiveCfg = Debug|Any CPU
		{06ABAF45-44E8-4ECB-840A-8ADFA985387C}.Debug|Any CPU.Build.0 = Debug|Any CPU
		{06ABAF45-44E8-4ECB-840A-8ADFA985387C}.Release|Any CPU.ActiveCfg = Release|Any CPU
		{06ABAF45-44E8-4ECB-840A-8ADFA985387C}.Release|Any CPU.Build.0 = Release|Any CPU
	EndGlobalSection
	GlobalSection(SolutionProperties) = preSolution
		HideSolutionNode = FALSE
	EndGlobalSection
	GlobalSection(ExtensibilityGlobals) = postSolution
		SolutionGuid = {9371D5F1-94A6-47FF-955D-399CC9B7ED41}
	EndGlobalSection
EndGlobal
